PODS:
  - AFNetworking/NSURLSession (4.0.1):
    - AFNetworking/Reachability
    - AFNetworking/Security
    - AFNetworking/Serialization
  - AFNetworking/Reachability (4.0.1)
  - AFNetworking/Security (4.0.1)
  - AFNetworking/Serialization (4.0.1)
  - CategoryToolOC/Date (0.2.1)
  - CategoryToolOC/UIColor (0.2.1)
  - CategoryToolOC/UIFont (0.2.1)
  - CategoryToolOC/UIView (0.2.1)
  - Masonry (1.1.0)
  - UIKitToolOC (0.1.6):
    - UIKitToolOC/Adapt (= 0.1.6)
    - UIKitToolOC/Network (= 0.1.6)
    - UIKitToolOC/Pop (= 0.1.6)
    - UIKitToolOC/UILabel (= 0.1.6)
    - UIKitToolOC/UIPickerView (= 0.1.6)
    - UIKitToolOC/UITextField (= 0.1.6)
  - UIKitToolOC/Adapt (0.1.6)
  - UIKitToolOC/Network (0.1.6):
    - YTKNetwork
  - UIKitToolOC/Pop (0.1.6):
    - CategoryToolOC/UIView
    - Masonry
  - UIKitToolOC/UILabel (0.1.6)
  - UIKitToolOC/UIPickerView (0.1.6):
    - CategoryToolOC/Date
    - CategoryToolOC/UIColor
    - CategoryToolOC/UIFont
    - Masonry
  - UIKitToolOC/UITextField (0.1.6)
  - YTKNetwork (3.0.6):
    - AFNetworking/NSURLSession (~> 4.0)

DEPENDENCIES:
  - UIKitToolOC (from `../`)

SPEC REPOS:
  trunk:
    - AFNetworking
    - CategoryToolOC
    - Masonry
    - YTKNetwork

EXTERNAL SOURCES:
  UIKitToolOC:
    :path: "../"

SPEC CHECKSUMS:
  AFNetworking: 7864c38297c79aaca1500c33288e429c3451fdce
  CategoryToolOC: 66c7d06707f5410b2c02192abce049f81dcabe2c
  Masonry: 678fab65091a9290e40e2832a55e7ab731aad201
  UIKitToolOC: fe263d55f3b0bc1708fbd3bcb29db6c903ca3726
  YTKNetwork: c16be90b06be003de9e9cd0d3b187cc8eaf35c04

PODFILE CHECKSUM: ac1748ac8c044e36d5409e8a2dee47a2e5a4422b

COCOAPODS: 1.11.2
